
Microsoft Visual Studio Solution File, Format Version 12.00
# Visual Studio 15
VisualStudioVersion = 15.0.28010.2019
MinimumVisualStudioVersion = 10.0.40219.1
Project("{FAE04EC0-301F-11D3-BF4B-00C04F79EFBC}") = "BlueShare.Android", "BlueShare\BlueShare.Android\BlueShare.Android.csproj", "{619969B3-C98D-486B-9C24-4B5F60CAB4D0}"
EndProject
Project("{FAE04EC0-301F-11D3-BF4B-00C04F79EFBC}") = "BlueShare.iOS", "BlueShare\BlueShare.iOS\BlueShare.iOS.csproj", "{91571682-4075-4A3F-B00F-06F5177CDCA7}"
EndProject
Project("{FAE04EC0-301F-11D3-BF4B-00C04F79EFBC}") = "BlueShare", "BlueShare\BlueShare\BlueShare.csproj", "{7ACEA397-C2A9-488F-B1DD-88B16B948CB0}"
EndProject
Global
	GlobalSection(SolutionConfigurationPlatforms) = preSolution
		Ad-Hoc|Any CPU = Ad-Hoc|Any CPU
		Ad-Hoc|iPhone = Ad-Hoc|iPhone
		Ad-Hoc|iPhoneSimulator = Ad-Hoc|iPhoneSimulator
		AppStore|Any CPU = AppStore|Any CPU
		AppStore|iPhone = AppStore|iPhone
		AppStore|iPhoneSimulator = AppStore|iPhoneSimulator
		Debug|Any CPU = Debug|Any CPU
		Debug|iPhone = Debug|iPhone
		Debug|iPhoneSimulator = Debug|iPhoneSimulator
		Release|Any CPU = Release|Any CPU
		Release|iPhone = Release|iPhone
		Release|iPhoneSimulator = Release|iPhoneSimulator
	EndGlobalSection
	GlobalSection(ProjectConfigurationPlatforms) = postSolution
		{619969B3-C98D-486B-9C24-4B5F60CAB4D0}.Ad-Hoc|Any CPU.ActiveCfg = Release|Any CPU
		{619969B3-C98D-486B-9C24-4B5F60CAB4D0}.Ad-Hoc|Any CPU.Build.0 = Release|Any CPU
		{619969B3-C98D-486B-9C24-4B5F60CAB4D0}.Ad-Hoc|Any CPU.Deploy.0 = Release|Any CPU
		{619969B3-C98D-486B-9C24-4B5F60CAB4D0}.Ad-Hoc|iPhone.ActiveCfg = Release|Any CPU
		{619969B3-C98D-486B-9C24-4B5F60CAB4D0}.Ad-Hoc|iPhone.Build.0 = Release|Any CPU
		{619969B3-C98D-486B-9C24-4B5F60CAB4D0}.Ad-Hoc|iPhone.Deploy.0 = Release|Any CPU
		{619969B3-C98D-486B-9C24-4B5F60CAB4D0}.Ad-Hoc|iPhoneSimulator.ActiveCfg = Release|Any CPU
		{619969B3-C98D-486B-9C24-4B5F60CAB4D0}.Ad-Hoc|iPhoneSimulator.Build.0 = Release|Any CPU
		{619969B3-C98D-486B-9C24-4B5F60CAB4D0}.Ad-Hoc|iPhoneSimulator.Deploy.0 = Release|Any CPU
		{619969B3-C98D-486B-9C24-4B5F60CAB4D0}.AppStore|Any CPU.ActiveCfg = Release|Any CPU
		{619969B3-C98D-486B-9C24-4B5F60CAB4D0}.AppStore|Any CPU.Build.0 = Release|Any CPU
		{619969B3-C98D-486B-9C24-4B5F60CAB4D0}.AppStore|Any CPU.Deploy.0 = Release|Any CPU
		{619969B3-C98D-486B-9C24-4B5F60CAB4D0}.AppStore|iPhone.ActiveCfg = Release|Any CPU
		{619969B3-C98D-486B-9C24-4B5F60CAB4D0}.AppStore|iPhone.Build.0 = Release|Any CPU
		{619969B3-C98D-486B-9C24-4B5F60CAB4D0}.AppStore|iPhone.Deploy.0 = Release|Any CPU
		{619969B3-C98D-486B-9C24-4B5F60CAB4D0}.AppStore|iPhoneSimulator.ActiveCfg = Release|Any CPU
		{619969B3-C98D-486B-9C24-4B5F60CAB4D0}.AppStore|iPhoneSimulator.Build.0 = Release|Any CPU
		{619969B3-C98D-486B-9C24-4B5F60CAB4D0}.AppStore|iPhoneSimulator.Deploy.0 = Release|Any CPU
		{619969B3-C98D-486B-9C24-4B5F60CAB4D0}.Debug|Any CPU.ActiveCfg = Debug|Any CPU
		{619969B3-C98D-486B-9C24-4B5F60CAB4D0}.Debug|Any CPU.Build.0 = Debug|Any CPU
		{619969B3-C98D-486B-9C24-4B5F60CAB4D0}.Debug|Any CPU.Deploy.0 = Debug|Any CPU
		{619969B3-C98D-486B-9C24-4B5F60CAB4D0}.Debug|iPhone.ActiveCfg = Debug|Any CPU
		{619969B3-C98D-486B-9C24-4B5F60CAB4D0}.Debug|iPhone.Build.0 = Debug|Any CPU
		{619969B3-C98D-486B-9C24-4B5F60CAB4D0}.Debug|iPhone.Deploy.0 = Debug|Any CPU
		{619969B3-C98D-486B-9C24-4B5F60CAB4D0}.Debug|iPhoneSimulator.ActiveCfg = Debug|Any CPU
		{619969B3-C98D-486B-9C24-4B5F60CAB4D0}.Debug|iPhoneSimulator.Build.0 = Debug|Any CPU
		{619969B3-C98D-486B-9C24-4B5F60CAB4D0}.Debug|iPhoneSimulator.Deploy.0 = Debug|Any CPU
		{619969B3-C98D-486B-9C24-4B5F60CAB4D0}.Release|Any CPU.ActiveCfg = Release|Any CPU
		{619969B3-C98D-486B-9C24-4B5F60CAB4D0}.Release|Any CPU.Build.0 = Release|Any CPU
		{619969B3-C98D-486B-9C24-4B5F60CAB4D0}.Release|Any CPU.Deploy.0 = Release|Any CPU
		{619969B3-C98D-486B-9C24-4B5F60CAB4D0}.Release|iPhone.ActiveCfg = Release|Any CPU
		{619969B3-C98D-486B-9C24-4B5F60CAB4D0}.Release|iPhone.Build.0 = Release|Any CPU
		{619969B3-C98D-486B-9C24-4B5F60CAB4D0}.Release|iPhone.Deploy.0 = Release|Any CPU
		{619969B3-C98D-486B-9C24-4B5F60CAB4D0}.Release|iPhoneSimulator.ActiveCfg = Release|Any CPU
		{619969B3-C98D-486B-9C24-4B5F60CAB4D0}.Release|iPhoneSimulator.Build.0 = Release|Any CPU
		{619969B3-C98D-486B-9C24-4B5F60CAB4D0}.Release|iPhoneSimulator.Deploy.0 = Release|Any CPU
		{91571682-4075-4A3F-B00F-06F5177CDCA7}.Ad-Hoc|Any CPU.ActiveCfg = Ad-Hoc|iPhone
		{91571682-4075-4A3F-B00F-06F5177CDCA7}.Ad-Hoc|Any CPU.Build.0 = Ad-Hoc|iPhone
		{91571682-4075-4A3F-B00F-06F5177CDCA7}.Ad-Hoc|Any CPU.Deploy.0 = Ad-Hoc|iPhone
		{91571682-4075-4A3F-B00F-06F5177CDCA7}.Ad-Hoc|iPhone.ActiveCfg = Ad-Hoc|iPhone
		{91571682-4075-4A3F-B00F-06F5177CDCA7}.Ad-Hoc|iPhone.Build.0 = Ad-Hoc|iPhone
		{91571682-4075-4A3F-B00F-06F5177CDCA7}.Ad-Hoc|iPhone.Deploy.0 = Ad-Hoc|iPhone
		{91571682-4075-4A3F-B00F-06F5177CDCA7}.Ad-Hoc|iPhoneSimulator.ActiveCfg = Ad-Hoc|iPhoneSimulator
		{91571682-4075-4A3F-B00F-06F5177CDCA7}.Ad-Hoc|iPhoneSimulator.Build.0 = Ad-Hoc|iPhoneSimulator
		{91571682-4075-4A3F-B00F-06F5177CDCA7}.Ad-Hoc|iPhoneSimulator.Deploy.0 = Ad-Hoc|iPhoneSimulator
		{91571682-4075-4A3F-B00F-06F5177CDCA7}.AppStore|Any CPU.ActiveCfg = AppStore|iPhone
		{91571682-4075-4A3F-B00F-06F5177CDCA7}.AppStore|Any CPU.Build.0 = AppStore|iPhone
		{91571682-4075-4A3F-B00F-06F5177CDCA7}.AppStore|Any CPU.Deploy.0 = AppStore|iPhone
		{91571682-4075-4A3F-B00F-06F5177CDCA7}.AppStore|iPhone.ActiveCfg = AppStore|iPhone
		{91571682-4075-4A3F-B00F-06F5177CDCA7}.AppStore|iPhone.Build.0 = AppStore|iPhone
		{91571682-4075-4A3F-B00F-06F5177CDCA7}.AppStore|iPhone.Deploy.0 = AppStore|iPhone
		{91571682-4075-4A3F-B00F-06F5177CDCA7}.AppStore|iPhoneSimulator.ActiveCfg = AppStore|iPhoneSimulator
		{91571682-4075-4A3F-B00F-06F5177CDCA7}.AppStore|iPhoneSimulator.Build.0 = AppStore|iPhoneSimulator
		{91571682-4075-4A3F-B00F-06F5177CDCA7}.AppStore|iPhoneSimulator.Deploy.0 = AppStore|iPhoneSimulator
		{91571682-4075-4A3F-B00F-06F5177CDCA7}.Debug|Any CPU.ActiveCfg = Debug|iPhoneSimulator
		{91571682-4075-4A3F-B00F-06F5177CDCA7}.Debug|Any CPU.Build.0 = Debug|iPhoneSimulator
		{91571682-4075-4A3F-B00F-06F5177CDCA7}.Debug|Any CPU.Deploy.0 = Debug|iPhoneSimulator
		{91571682-4075-4A3F-B00F-06F5177CDCA7}.Debug|iPhone.ActiveCfg = Debug|iPhone
		{91571682-4075-4A3F-B00F-06F5177CDCA7}.Debug|iPhone.Build.0 = Debug|iPhone
		{91571682-4075-4A3F-B00F-06F5177CDCA7}.Debug|iPhone.Deploy.0 = Debug|iPhone
		{91571682-4075-4A3F-B00F-06F5177CDCA7}.Debug|iPhoneSimulator.ActiveCfg = Debug|iPhoneSimulator
		{91571682-4075-4A3F-B00F-06F5177CDCA7}.Debug|iPhoneSimulator.Build.0 = Debug|iPhoneSimulator
		{91571682-4075-4A3F-B00F-06F5177CDCA7}.Debug|iPhoneSimulator.Deploy.0 = Debug|iPhoneSimulator
		{91571682-4075-4A3F-B00F-06F5177CDCA7}.Release|Any CPU.ActiveCfg = Release|iPhone
		{91571682-4075-4A3F-B00F-06F5177CDCA7}.Release|Any CPU.Build.0 = Release|iPhone
		{91571682-4075-4A3F-B00F-06F5177CDCA7}.Release|Any CPU.Deploy.0 = Release|iPhone
		{91571682-4075-4A3F-B00F-06F5177CDCA7}.Release|iPhone.ActiveCfg = Release|iPhone
		{91571682-4075-4A3F-B00F-06F5177CDCA7}.Release|iPhone.Build.0 = Release|iPhone
		{91571682-4075-4A3F-B00F-06F5177CDCA7}.Release|iPhone.Deploy.0 = Release|iPhone
		{91571682-4075-4A3F-B00F-06F5177CDCA7}.Release|iPhoneSimulator.ActiveCfg = Release|iPhoneSimulator
		{91571682-4075-4A3F-B00F-06F5177CDCA7}.Release|iPhoneSimulator.Build.0 = Release|iPhoneSimulator
		{91571682-4075-4A3F-B00F-06F5177CDCA7}.Release|iPhoneSimulator.Deploy.0 = Release|iPhoneSimulator
		{7ACEA397-C2A9-488F-B1DD-88B16B948CB0}.Ad-Hoc|Any CPU.ActiveCfg = Debug|Any CPU
		{7ACEA397-C2A9-488F-B1DD-88B16B948CB0}.Ad-Hoc|Any CPU.Build.0 = Debug|Any CPU
		{7ACEA397-C2A9-488F-B1DD-88B16B948CB0}.Ad-Hoc|Any CPU.Deploy.0 = Debug|Any CPU
		{7ACEA397-C2A9-488F-B1DD-88B16B948CB0}.Ad-Hoc|iPhone.ActiveCfg = Debug|Any CPU
		{7ACEA397-C2A9-488F-B1DD-88B16B948CB0}.Ad-Hoc|iPhone.Build.0 = Debug|Any CPU
		{7ACEA397-C2A9-488F-B1DD-88B16B948CB0}.Ad-Hoc|iPhone.Deploy.0 = Debug|Any CPU
		{7ACEA397-C2A9-488F-B1DD-88B16B948CB0}.Ad-Hoc|iPhoneSimulator.ActiveCfg = Debug|Any CPU
		{7ACEA397-C2A9-488F-B1DD-88B16B948CB0}.Ad-Hoc|iPhoneSimulator.Build.0 = Debug|Any CPU
		{7ACEA397-C2A9-488F-B1DD-88B16B948CB0}.Ad-Hoc|iPhoneSimulator.Deploy.0 = Debug|Any CPU
		{7ACEA397-C2A9-488F-B1DD-88B16B948CB0}.AppStore|Any CPU.ActiveCfg = Debug|Any CPU
		{7ACEA397-C2A9-488F-B1DD-88B16B948CB0}.AppStore|Any CPU.Build.0 = Debug|Any CPU
		{7ACEA397-C2A9-488F-B1DD-88B16B948CB0}.AppStore|Any CPU.Deploy.0 = Debug|Any CPU
		{7ACEA397-C2A9-488F-B1DD-88B16B948CB0}.AppStore|iPhone.ActiveCfg = Debug|Any CPU
		{7ACEA397-C2A9-488F-B1DD-88B16B948CB0}.AppStore|iPhone.Build.0 = Debug|Any CPU
		{7ACEA397-C2A9-488F-B1DD-88B16B948CB0}.AppStore|iPhone.Deploy.0 = Debug|Any CPU
		{7ACEA397-C2A9-488F-B1DD-88B16B948CB0}.AppStore|iPhoneSimulator.ActiveCfg = Debug|Any CPU
		{7ACEA397-C2A9-488F-B1DD-88B16B948CB0}.AppStore|iPhoneSimulator.Build.0 = Debug|Any CPU
		{7ACEA397-C2A9-488F-B1DD-88B16B948CB0}.AppStore|iPhoneSimulator.Deploy.0 = Debug|Any CPU
		{7ACEA397-C2A9-488F-B1DD-88B16B948CB0}.Debug|Any CPU.ActiveCfg = Debug|Any CPU
		{7ACEA397-C2A9-488F-B1DD-88B16B948CB0}.Debug|Any CPU.Build.0 = Debug|Any CPU
		{7ACEA397-C2A9-488F-B1DD-88B16B948CB0}.Debug|Any CPU.Deploy.0 = Debug|Any CPU
		{7ACEA397-C2A9-488F-B1DD-88B16B948CB0}.Debug|iPhone.ActiveCfg = Debug|Any CPU
		{7ACEA397-C2A9-488F-B1DD-88B16B948CB0}.Debug|iPhone.Build.0 = Debug|Any CPU
		{7ACEA397-C2A9-488F-B1DD-88B16B948CB0}.Debug|iPhone.Deploy.0 = Debug|Any CPU
		{7ACEA397-C2A9-488F-B1DD-88B16B948CB0}.Debug|iPhoneSimulator.ActiveCfg = Debug|Any CPU
		{7ACEA397-C2A9-488F-B1DD-88B16B948CB0}.Debug|iPhoneSimulator.Build.0 = Debug|Any CPU
		{7ACEA397-C2A9-488F-B1DD-88B16B948CB0}.Debug|iPhoneSimulator.Deploy.0 = Debug|Any CPU
		{7ACEA397-C2A9-488F-B1DD-88B16B948CB0}.Release|Any CPU.ActiveCfg = Release|Any CPU
		{7ACEA397-C2A9-488F-B1DD-88B16B948CB0}.Release|Any CPU.Build.0 = Release|Any CPU
		{7ACEA397-C2A9-488F-B1DD-88B16B948CB0}.Release|Any CPU.Deploy.0 = Release|Any CPU
		{7ACEA397-C2A9-488F-B1DD-88B16B948CB0}.Release|iPhone.ActiveCfg = Release|Any CPU
		{7ACEA397-C2A9-488F-B1DD-88B16B948CB0}.Release|iPhone.Build.0 = Release|Any CPU
		{7ACEA397-C2A9-488F-B1DD-88B16B948CB0}.Release|iPhone.Deploy.0 = Release|Any CPU
		{7ACEA397-C2A9-488F-B1DD-88B16B948CB0}.Release|iPhoneSimulator.ActiveCfg = Release|Any CPU
		{7ACEA397-C2A9-488F-B1DD-88B16B948CB0}.Release|iPhoneSimulator.Build.0 = Release|Any CPU
		{7ACEA397-C2A9-488F-B1DD-88B16B948CB0}.Release|iPhoneSimulator.Deploy.0 = Release|Any CPU
	EndGlobalSection
	GlobalSection(SolutionProperties) = preSolution
		HideSolutionNode = FALSE
	EndGlobalSection
	GlobalSection(ExtensibilityGlobals) = postSolution
		SolutionGuid = {722559E1-380A-48AC-9BB7-56BD9A035C65}
	EndGlobalSection
EndGlobal
