
Microsoft Visual Studio Solution File, Format Version 12.00
# Visual Studio 15
VisualStudioVersion = 15.0.28010.2019
MinimumVisualStudioVersion = 10.0.40219.1
Project("{FAE04EC0-301F-11D3-BF4B-00C04F79EFBC}") = "BlueShare.Android", "BlueShare\BlueShare.Android\BlueShare.Android.csproj", "{619969B3-C98D-486B-9C24-4B5F60CAB4D0}"
EndProject
Project("{FAE04EC0-301F-11D3-BF4B-00C04F79EFBC}") = "BlueShare.iOS", "BlueShare\BlueShare.iOS\BlueShare.iOS.csproj", "{91571682-4075-4A3F-B00F-06F5177CDCA7}"
EndProject
Project("{9A19103F-16F7-4668-BE54-9A1E7A4F7556}") = "BlueShare", "BlueShare\BlueShare\BlueShare.csproj", "{7ACEA397-C2A9-488F-B1DD-88B16B948CB0}"
EndProject
Global
	GlobalSection(SolutionConfigurationPlatforms) = preSolution
		Ad-Hoc|Any CPU = Ad-Hoc|Any CPU
		Ad-Hoc|ARM = Ad-Hoc|ARM
		Ad-Hoc|iPhone = Ad-Hoc|iPhone
		Ad-Hoc|iPhoneSimulator = Ad-Hoc|iPhoneSimulator
		Ad-Hoc|x64 = Ad-Hoc|x64
		Ad-Hoc|x86 = Ad-Hoc|x86
		AppStore|Any CPU = AppStore|Any CPU
		AppStore|ARM = AppStore|ARM
		AppStore|iPhone = AppStore|iPhone
		AppStore|iPhoneSimulator = AppStore|iPhoneSimulator
		AppStore|x64 = AppStore|x64
		AppStore|x86 = AppStore|x86
		Debug|Any CPU = Debug|Any CPU
		Debug|ARM = Debug|ARM
		Debug|iPhone = Debug|iPhone
		Debug|iPhoneSimulator = Debug|iPhoneSimulator
		Debug|x64 = Debug|x64
		Debug|x86 = Debug|x86
		Release|Any CPU = Release|Any CPU
		Release|ARM = Release|ARM
		Release|iPhone = Release|iPhone
		Release|iPhoneSimulator = Release|iPhoneSimulator
		Release|x64 = Release|x64
		Release|x86 = Release|x86
	EndGlobalSection
	GlobalSection(ProjectConfigurationPlatforms) = postSolution
		{619969B3-C98D-486B-9C24-4B5F60CAB4D0}.Ad-Hoc|Any CPU.ActiveCfg = Release|Any CPU
		{619969B3-C98D-486B-9C24-4B5F60CAB4D0}.Ad-Hoc|Any CPU.Build.0 = Release|Any CPU
		{619969B3-C98D-486B-9C24-4B5F60CAB4D0}.Ad-Hoc|Any CPU.Deploy.0 = Release|Any CPU
		{619969B3-C98D-486B-9C24-4B5F60CAB4D0}.Ad-Hoc|ARM.ActiveCfg = Debug|Any CPU
		{619969B3-C98D-486B-9C24-4B5F60CAB4D0}.Ad-Hoc|ARM.Build.0 = Debug|Any CPU
		{619969B3-C98D-486B-9C24-4B5F60CAB4D0}.Ad-Hoc|ARM.Deploy.0 = Debug|Any CPU
		{619969B3-C98D-486B-9C24-4B5F60CAB4D0}.Ad-Hoc|iPhone.ActiveCfg = Release|Any CPU
		{619969B3-C98D-486B-9C24-4B5F60CAB4D0}.Ad-Hoc|iPhone.Build.0 = Release|Any CPU
		{619969B3-C98D-486B-9C24-4B5F60CAB4D0}.Ad-Hoc|iPhone.Deploy.0 = Release|Any CPU
		{619969B3-C98D-486B-9C24-4B5F60CAB4D0}.Ad-Hoc|iPhoneSimulator.ActiveCfg = Release|Any CPU
		{619969B3-C98D-486B-9C24-4B5F60CAB4D0}.Ad-Hoc|iPhoneSimulator.Build.0 = Release|Any CPU
		{619969B3-C98D-486B-9C24-4B5F60CAB4D0}.Ad-Hoc|iPhoneSimulator.Deploy.0 = Release|Any CPU
		{619969B3-C98D-486B-9C24-4B5F60CAB4D0}.Ad-Hoc|x64.ActiveCfg = Debug|Any CPU
		{619969B3-C98D-486B-9C24-4B5F60CAB4D0}.Ad-Hoc|x64.Build.0 = Debug|Any CPU
		{619969B3-C98D-486B-9C24-4B5F60CAB4D0}.Ad-Hoc|x64.Deploy.0 = Debug|Any CPU
		{619969B3-C98D-486B-9C24-4B5F60CAB4D0}.Ad-Hoc|x86.ActiveCfg = Debug|Any CPU
		{619969B3-C98D-486B-9C24-4B5F60CAB4D0}.Ad-Hoc|x86.Build.0 = Debug|Any CPU
		{619969B3-C98D-486B-9C24-4B5F60CAB4D0}.Ad-Hoc|x86.Deploy.0 = Debug|Any CPU
		{619969B3-C98D-486B-9C24-4B5F60CAB4D0}.AppStore|Any CPU.ActiveCfg = Release|Any CPU
		{619969B3-C98D-486B-9C24-4B5F60CAB4D0}.AppStore|Any CPU.Build.0 = Release|Any CPU
		{619969B3-C98D-486B-9C24-4B5F60CAB4D0}.AppStore|Any CPU.Deploy.0 = Release|Any CPU
		{619969B3-C98D-486B-9C24-4B5F60CAB4D0}.AppStore|ARM.ActiveCfg = Debug|Any CPU
		{619969B3-C98D-486B-9C24-4B5F60CAB4D0}.AppStore|ARM.Build.0 = Debug|Any CPU
		{619969B3-C98D-486B-9C24-4B5F60CAB4D0}.AppStore|ARM.Deploy.0 = Debug|Any CPU
		{619969B3-C98D-486B-9C24-4B5F60CAB4D0}.AppStore|iPhone.ActiveCfg = Release|Any CPU
		{619969B3-C98D-486B-9C24-4B5F60CAB4D0}.AppStore|iPhone.Build.0 = Release|Any CPU
		{619969B3-C98D-486B-9C24-4B5F60CAB4D0}.AppStore|iPhone.Deploy.0 = Release|Any CPU
		{619969B3-C98D-486B-9C24-4B5F60CAB4D0}.AppStore|iPhoneSimulator.ActiveCfg = Release|Any CPU
		{619969B3-C98D-486B-9C24-4B5F60CAB4D0}.AppStore|iPhoneSimulator.Build.0 = Release|Any CPU
		{619969B3-C98D-486B-9C24-4B5F60CAB4D0}.AppStore|iPhoneSimulator.Deploy.0 = Release|Any CPU
		{619969B3-C98D-486B-9C24-4B5F60CAB4D0}.AppStore|x64.ActiveCfg = Debug|Any CPU
		{619969B3-C98D-486B-9C24-4B5F60CAB4D0}.AppStore|x64.Build.0 = Debug|Any CPU
		{619969B3-C98D-486B-9C24-4B5F60CAB4D0}.AppStore|x64.Deploy.0 = Debug|Any CPU
		{619969B3-C98D-486B-9C24-4B5F60CAB4D0}.AppStore|x86.ActiveCfg = Debug|Any CPU
		{619969B3-C98D-486B-9C24-4B5F60CAB4D0}.AppStore|x86.Build.0 = Debug|Any CPU
		{619969B3-C98D-486B-9C24-4B5F60CAB4D0}.AppStore|x86.Deploy.0 = Debug|Any CPU
		{619969B3-C98D-486B-9C24-4B5F60CAB4D0}.Debug|Any CPU.ActiveCfg = Debug|Any CPU
		{619969B3-C98D-486B-9C24-4B5F60CAB4D0}.Debug|Any CPU.Build.0 = Debug|Any CPU
		{619969B3-C98D-486B-9C24-4B5F60CAB4D0}.Debug|Any CPU.Deploy.0 = Debug|Any CPU
		{619969B3-C98D-486B-9C24-4B5F60CAB4D0}.Debug|ARM.ActiveCfg = Debug|Any CPU
		{619969B3-C98D-486B-9C24-4B5F60CAB4D0}.Debug|ARM.Build.0 = Debug|Any CPU
		{619969B3-C98D-486B-9C24-4B5F60CAB4D0}.Debug|ARM.Deploy.0 = Debug|Any CPU
		{619969B3-C98D-486B-9C24-4B5F60CAB4D0}.Debug|iPhone.ActiveCfg = Debug|Any CPU
		{619969B3-C98D-486B-9C24-4B5F60CAB4D0}.Debug|iPhone.Build.0 = Debug|Any CPU
		{619969B3-C98D-486B-9C24-4B5F60CAB4D0}.Debug|iPhone.Deploy.0 = Debug|Any CPU
		{619969B3-C98D-486B-9C24-4B5F60CAB4D0}.Debug|iPhoneSimulator.ActiveCfg = Debug|Any CPU
		{619969B3-C98D-486B-9C24-4B5F60CAB4D0}.Debug|iPhoneSimulator.Build.0 = Debug|Any CPU
		{619969B3-C98D-486B-9C24-4B5F60CAB4D0}.Debug|iPhoneSimulator.Deploy.0 = Debug|Any CPU
		{619969B3-C98D-486B-9C24-4B5F60CAB4D0}.Debug|x64.ActiveCfg = Debug|Any CPU
		{619969B3-C98D-486B-9C24-4B5F60CAB4D0}.Debug|x64.Build.0 = Debug|Any CPU
		{619969B3-C98D-486B-9C24-4B5F60CAB4D0}.Debug|x64.Deploy.0 = Debug|Any CPU
		{619969B3-C98D-486B-9C24-4B5F60CAB4D0}.Debug|x86.ActiveCfg = Debug|Any CPU
		{619969B3-C98D-486B-9C24-4B5F60CAB4D0}.Debug|x86.Build.0 = Debug|Any CPU
		{619969B3-C98D-486B-9C24-4B5F60CAB4D0}.Debug|x86.Deploy.0 = Debug|Any CPU
		{619969B3-C98D-486B-9C24-4B5F60CAB4D0}.Release|Any CPU.ActiveCfg = Release|Any CPU
		{619969B3-C98D-486B-9C24-4B5F60CAB4D0}.Release|Any CPU.Build.0 = Release|Any CPU
		{619969B3-C98D-486B-9C24-4B5F60CAB4D0}.Release|Any CPU.Deploy.0 = Release|Any CPU
		{619969B3-C98D-486B-9C24-4B5F60CAB4D0}.Release|ARM.ActiveCfg = Release|Any CPU
		{619969B3-C98D-486B-9C24-4B5F60CAB4D0}.Release|ARM.Build.0 = Release|Any CPU
		{619969B3-C98D-486B-9C24-4B5F60CAB4D0}.Release|ARM.Deploy.0 = Release|Any CPU
		{619969B3-C98D-486B-9C24-4B5F60CAB4D0}.Release|iPhone.ActiveCfg = Release|Any CPU
		{619969B3-C98D-486B-9C24-4B5F60CAB4D0}.Release|iPhone.Build.0 = Release|Any CPU
		{619969B3-C98D-486B-9C24-4B5F60CAB4D0}.Release|iPhone.Deploy.0 = Release|Any CPU
		{619969B3-C98D-486B-9C24-4B5F60CAB4D0}.Release|iPhoneSimulator.ActiveCfg = Release|Any CPU
		{619969B3-C98D-486B-9C24-4B5F60CAB4D0}.Release|iPhoneSimulator.Build.0 = Release|Any CPU
		{619969B3-C98D-486B-9C24-4B5F60CAB4D0}.Release|iPhoneSimulator.Deploy.0 = Release|Any CPU
		{619969B3-C98D-486B-9C24-4B5F60CAB4D0}.Release|x64.ActiveCfg = Release|Any CPU
		{619969B3-C98D-486B-9C24-4B5F60CAB4D0}.Release|x64.Build.0 = Release|Any CPU
		{619969B3-C98D-486B-9C24-4B5F60CAB4D0}.Release|x64.Deploy.0 = Release|Any CPU
		{619969B3-C98D-486B-9C24-4B5F60CAB4D0}.Release|x86.ActiveCfg = Release|Any CPU
		{619969B3-C98D-486B-9C24-4B5F60CAB4D0}.Release|x86.Build.0 = Release|Any CPU
		{619969B3-C98D-486B-9C24-4B5F60CAB4D0}.Release|x86.Deploy.0 = Release|Any CPU
		{91571682-4075-4A3F-B00F-06F5177CDCA7}.Ad-Hoc|Any CPU.ActiveCfg = Ad-Hoc|iPhone
		{91571682-4075-4A3F-B00F-06F5177CDCA7}.Ad-Hoc|Any CPU.Build.0 = Ad-Hoc|iPhone
		{91571682-4075-4A3F-B00F-06F5177CDCA7}.Ad-Hoc|Any CPU.Deploy.0 = Ad-Hoc|iPhone
		{91571682-4075-4A3F-B00F-06F5177CDCA7}.Ad-Hoc|ARM.ActiveCfg = Ad-Hoc|iPhoneSimulator
		{91571682-4075-4A3F-B00F-06F5177CDCA7}.Ad-Hoc|iPhone.ActiveCfg = Ad-Hoc|iPhone
		{91571682-4075-4A3F-B00F-06F5177CDCA7}.Ad-Hoc|iPhone.Build.0 = Ad-Hoc|iPhone
		{91571682-4075-4A3F-B00F-06F5177CDCA7}.Ad-Hoc|iPhone.Deploy.0 = Ad-Hoc|iPhone
		{91571682-4075-4A3F-B00F-06F5177CDCA7}.Ad-Hoc|iPhoneSimulator.ActiveCfg = Ad-Hoc|iPhoneSimulator
		{91571682-4075-4A3F-B00F-06F5177CDCA7}.Ad-Hoc|iPhoneSimulator.Build.0 = Ad-Hoc|iPhoneSimulator
		{91571682-4075-4A3F-B00F-06F5177CDCA7}.Ad-Hoc|iPhoneSimulator.Deploy.0 = Ad-Hoc|iPhoneSimulator
		{91571682-4075-4A3F-B00F-06F5177CDCA7}.Ad-Hoc|x64.ActiveCfg = Ad-Hoc|iPhoneSimulator
		{91571682-4075-4A3F-B00F-06F5177CDCA7}.Ad-Hoc|x86.ActiveCfg = Ad-Hoc|iPhoneSimulator
		{91571682-4075-4A3F-B00F-06F5177CDCA7}.AppStore|Any CPU.ActiveCfg = AppStore|iPhone
		{91571682-4075-4A3F-B00F-06F5177CDCA7}.AppStore|Any CPU.Build.0 = AppStore|iPhone
		{91571682-4075-4A3F-B00F-06F5177CDCA7}.AppStore|Any CPU.Deploy.0 = AppStore|iPhone
		{91571682-4075-4A3F-B00F-06F5177CDCA7}.AppStore|ARM.ActiveCfg = AppStore|iPhoneSimulator
		{91571682-4075-4A3F-B00F-06F5177CDCA7}.AppStore|iPhone.ActiveCfg = AppStore|iPhone
		{91571682-4075-4A3F-B00F-06F5177CDCA7}.AppStore|iPhone.Build.0 = AppStore|iPhone
		{91571682-4075-4A3F-B00F-06F5177CDCA7}.AppStore|iPhone.Deploy.0 = AppStore|iPhone
		{91571682-4075-4A3F-B00F-06F5177CDCA7}.AppStore|iPhoneSimulator.ActiveCfg = AppStore|iPhoneSimulator
		{91571682-4075-4A3F-B00F-06F5177CDCA7}.AppStore|iPhoneSimulator.Build.0 = AppStore|iPhoneSimulator
		{91571682-4075-4A3F-B00F-06F5177CDCA7}.AppStore|iPhoneSimulator.Deploy.0 = AppStore|iPhoneSimulator
		{91571682-4075-4A3F-B00F-06F5177CDCA7}.AppStore|x64.ActiveCfg = AppStore|iPhoneSimulator
		{91571682-4075-4A3F-B00F-06F5177CDCA7}.AppStore|x86.ActiveCfg = AppStore|iPhoneSimulator
		{91571682-4075-4A3F-B00F-06F5177CDCA7}.Debug|Any CPU.ActiveCfg = Debug|iPhoneSimulator
		{91571682-4075-4A3F-B00F-06F5177CDCA7}.Debug|Any CPU.Build.0 = Debug|iPhoneSimulator
		{91571682-4075-4A3F-B00F-06F5177CDCA7}.Debug|Any CPU.Deploy.0 = Debug|iPhoneSimulator
		{91571682-4075-4A3F-B00F-06F5177CDCA7}.Debug|ARM.ActiveCfg = Debug|iPhone
		{91571682-4075-4A3F-B00F-06F5177CDCA7}.Debug|iPhone.ActiveCfg = Debug|iPhone
		{91571682-4075-4A3F-B00F-06F5177CDCA7}.Debug|iPhone.Build.0 = Debug|iPhone
		{91571682-4075-4A3F-B00F-06F5177CDCA7}.Debug|iPhone.Deploy.0 = Debug|iPhone
		{91571682-4075-4A3F-B00F-06F5177CDCA7}.Debug|iPhoneSimulator.ActiveCfg = Debug|iPhoneSimulator
		{91571682-4075-4A3F-B00F-06F5177CDCA7}.Debug|iPhoneSimulator.Build.0 = Debug|iPhoneSimulator
		{91571682-4075-4A3F-B00F-06F5177CDCA7}.Debug|iPhoneSimulator.Deploy.0 = Debug|iPhoneSimulator
		{91571682-4075-4A3F-B00F-06F5177CDCA7}.Debug|x64.ActiveCfg = Debug|iPhone
		{91571682-4075-4A3F-B00F-06F5177CDCA7}.Debug|x86.ActiveCfg = Debug|iPhone
		{91571682-4075-4A3F-B00F-06F5177CDCA7}.Release|Any CPU.ActiveCfg = Release|iPhone
		{91571682-4075-4A3F-B00F-06F5177CDCA7}.Release|Any CPU.Build.0 = Release|iPhone
		{91571682-4075-4A3F-B00F-06F5177CDCA7}.Release|Any CPU.Deploy.0 = Release|iPhone
		{91571682-4075-4A3F-B00F-06F5177CDCA7}.Release|ARM.ActiveCfg = Release|iPhoneSimulator
		{91571682-4075-4A3F-B00F-06F5177CDCA7}.Release|iPhone.ActiveCfg = Release|iPhone
		{91571682-4075-4A3F-B00F-06F5177CDCA7}.Release|iPhone.Build.0 = Release|iPhone
		{91571682-4075-4A3F-B00F-06F5177CDCA7}.Release|iPhone.Deploy.0 = Release|iPhone
		{91571682-4075-4A3F-B00F-06F5177CDCA7}.Release|iPhoneSimulator.ActiveCfg = Release|iPhoneSimulator
		{91571682-4075-4A3F-B00F-06F5177CDCA7}.Release|iPhoneSimulator.Build.0 = Release|iPhoneSimulator
		{91571682-4075-4A3F-B00F-06F5177CDCA7}.Release|iPhoneSimulator.Deploy.0 = Release|iPhoneSimulator
		{91571682-4075-4A3F-B00F-06F5177CDCA7}.Release|x64.ActiveCfg = Release|iPhoneSimulator
		{91571682-4075-4A3F-B00F-06F5177CDCA7}.Release|x86.ActiveCfg = Release|iPhoneSimulator
		{7ACEA397-C2A9-488F-B1DD-88B16B948CB0}.Ad-Hoc|Any CPU.ActiveCfg = Debug|Any CPU
		{7ACEA397-C2A9-488F-B1DD-88B16B948CB0}.Ad-Hoc|Any CPU.Build.0 = Debug|Any CPU
		{7ACEA397-C2A9-488F-B1DD-88B16B948CB0}.Ad-Hoc|Any CPU.Deploy.0 = Debug|Any CPU
		{7ACEA397-C2A9-488F-B1DD-88B16B948CB0}.Ad-Hoc|ARM.ActiveCfg = Release|Any CPU
		{7ACEA397-C2A9-488F-B1DD-88B16B948CB0}.Ad-Hoc|ARM.Build.0 = Release|Any CPU
		{7ACEA397-C2A9-488F-B1DD-88B16B948CB0}.Ad-Hoc|iPhone.ActiveCfg = Debug|Any CPU
		{7ACEA397-C2A9-488F-B1DD-88B16B948CB0}.Ad-Hoc|iPhone.Build.0 = Debug|Any CPU
		{7ACEA397-C2A9-488F-B1DD-88B16B948CB0}.Ad-Hoc|iPhone.Deploy.0 = Debug|Any CPU
		{7ACEA397-C2A9-488F-B1DD-88B16B948CB0}.Ad-Hoc|iPhoneSimulator.ActiveCfg = Debug|Any CPU
		{7ACEA397-C2A9-488F-B1DD-88B16B948CB0}.Ad-Hoc|iPhoneSimulator.Build.0 = Debug|Any CPU
		{7ACEA397-C2A9-488F-B1DD-88B16B948CB0}.Ad-Hoc|iPhoneSimulator.Deploy.0 = Debug|Any CPU
		{7ACEA397-C2A9-488F-B1DD-88B16B948CB0}.Ad-Hoc|x64.ActiveCfg = Release|Any CPU
		{7ACEA397-C2A9-488F-B1DD-88B16B948CB0}.Ad-Hoc|x64.Build.0 = Release|Any CPU
		{7ACEA397-C2A9-488F-B1DD-88B16B948CB0}.Ad-Hoc|x86.ActiveCfg = Release|Any CPU
		{7ACEA397-C2A9-488F-B1DD-88B16B948CB0}.Ad-Hoc|x86.Build.0 = Release|Any CPU
		{7ACEA397-C2A9-488F-B1DD-88B16B948CB0}.AppStore|Any CPU.ActiveCfg = Debug|Any CPU
		{7ACEA397-C2A9-488F-B1DD-88B16B948CB0}.AppStore|Any CPU.Build.0 = Debug|Any CPU
		{7ACEA397-C2A9-488F-B1DD-88B16B948CB0}.AppStore|Any CPU.Deploy.0 = Debug|Any CPU
		{7ACEA397-C2A9-488F-B1DD-88B16B948CB0}.AppStore|ARM.ActiveCfg = Release|Any CPU
		{7ACEA397-C2A9-488F-B1DD-88B16B948CB0}.AppStore|ARM.Build.0 = Release|Any CPU
		{7ACEA397-C2A9-488F-B1DD-88B16B948CB0}.AppStore|iPhone.ActiveCfg = Debug|Any CPU
		{7ACEA397-C2A9-488F-B1DD-88B16B948CB0}.AppStore|iPhone.Build.0 = Debug|Any CPU
		{7ACEA397-C2A9-488F-B1DD-88B16B948CB0}.AppStore|iPhone.Deploy.0 = Debug|Any CPU
		{7ACEA397-C2A9-488F-B1DD-88B16B948CB0}.AppStore|iPhoneSimulator.ActiveCfg = Debug|Any CPU
		{7ACEA397-C2A9-488F-B1DD-88B16B948CB0}.AppStore|iPhoneSimulator.Build.0 = Debug|Any CPU
		{7ACEA397-C2A9-488F-B1DD-88B16B948CB0}.AppStore|iPhoneSimulator.Deploy.0 = Debug|Any CPU
		{7ACEA397-C2A9-488F-B1DD-88B16B948CB0}.AppStore|x64.ActiveCfg = Release|Any CPU
		{7ACEA397-C2A9-488F-B1DD-88B16B948CB0}.AppStore|x64.Build.0 = Release|Any CPU
		{7ACEA397-C2A9-488F-B1DD-88B16B948CB0}.AppStore|x86.ActiveCfg = Release|Any CPU
		{7ACEA397-C2A9-488F-B1DD-88B16B948CB0}.AppStore|x86.Build.0 = Release|Any CPU
		{7ACEA397-C2A9-488F-B1DD-88B16B948CB0}.Debug|Any CPU.ActiveCfg = Debug|Any CPU
		{7ACEA397-C2A9-488F-B1DD-88B16B948CB0}.Debug|Any CPU.Build.0 = Debug|Any CPU
		{7ACEA397-C2A9-488F-B1DD-88B16B948CB0}.Debug|Any CPU.Deploy.0 = Debug|Any CPU
		{7ACEA397-C2A9-488F-B1DD-88B16B948CB0}.Debug|ARM.ActiveCfg = Debug|Any CPU
		{7ACEA397-C2A9-488F-B1DD-88B16B948CB0}.Debug|ARM.Build.0 = Debug|Any CPU
		{7ACEA397-C2A9-488F-B1DD-88B16B948CB0}.Debug|iPhone.ActiveCfg = Debug|Any CPU
		{7ACEA397-C2A9-488F-B1DD-88B16B948CB0}.Debug|iPhone.Build.0 = Debug|Any CPU
		{7ACEA397-C2A9-488F-B1DD-88B16B948CB0}.Debug|iPhone.Deploy.0 = Debug|Any CPU
		{7ACEA397-C2A9-488F-B1DD-88B16B948CB0}.Debug|iPhoneSimulator.ActiveCfg = Debug|Any CPU
		{7ACEA397-C2A9-488F-B1DD-88B16B948CB0}.Debug|iPhoneSimulator.Build.0 = Debug|Any CPU
		{7ACEA397-C2A9-488F-B1DD-88B16B948CB0}.Debug|iPhoneSimulator.Deploy.0 = Debug|Any CPU
		{7ACEA397-C2A9-488F-B1DD-88B16B948CB0}.Debug|x64.ActiveCfg = Debug|Any CPU
		{7ACEA397-C2A9-488F-B1DD-88B16B948CB0}.Debug|x64.Build.0 = Debug|Any CPU
		{7ACEA397-C2A9-488F-B1DD-88B16B948CB0}.Debug|x86.ActiveCfg = Debug|Any CPU
		{7ACEA397-C2A9-488F-B1DD-88B16B948CB0}.Debug|x86.Build.0 = Debug|Any CPU
		{7ACEA397-C2A9-488F-B1DD-88B16B948CB0}.Release|Any CPU.ActiveCfg = Release|Any CPU
		{7ACEA397-C2A9-488F-B1DD-88B16B948CB0}.Release|Any CPU.Build.0 = Release|Any CPU
		{7ACEA397-C2A9-488F-B1DD-88B16B948CB0}.Release|Any CPU.Deploy.0 = Release|Any CPU
		{7ACEA397-C2A9-488F-B1DD-88B16B948CB0}.Release|ARM.ActiveCfg = Release|Any CPU
		{7ACEA397-C2A9-488F-B1DD-88B16B948CB0}.Release|ARM.Build.0 = Release|Any CPU
		{7ACEA397-C2A9-488F-B1DD-88B16B948CB0}.Release|iPhone.ActiveCfg = Release|Any CPU
		{7ACEA397-C2A9-488F-B1DD-88B16B948CB0}.Release|iPhone.Build.0 = Release|Any CPU
		{7ACEA397-C2A9-488F-B1DD-88B16B948CB0}.Release|iPhone.Deploy.0 = Release|Any CPU
		{7ACEA397-C2A9-488F-B1DD-88B16B948CB0}.Release|iPhoneSimulator.ActiveCfg = Release|Any CPU
		{7ACEA397-C2A9-488F-B1DD-88B16B948CB0}.Release|iPhoneSimulator.Build.0 = Release|Any CPU
		{7ACEA397-C2A9-488F-B1DD-88B16B948CB0}.Release|iPhoneSimulator.Deploy.0 = Release|Any CPU
		{7ACEA397-C2A9-488F-B1DD-88B16B948CB0}.Release|x64.ActiveCfg = Release|Any CPU
		{7ACEA397-C2A9-488F-B1DD-88B16B948CB0}.Release|x64.Build.0 = Release|Any CPU
		{7ACEA397-C2A9-488F-B1DD-88B16B948CB0}.Release|x86.ActiveCfg = Release|Any CPU
		{7ACEA397-C2A9-488F-B1DD-88B16B948CB0}.Release|x86.Build.0 = Release|Any CPU
	EndGlobalSection
	GlobalSection(SolutionProperties) = preSolution
		HideSolutionNode = FALSE
	EndGlobalSection
	GlobalSection(ExtensibilityGlobals) = postSolution
		SolutionGuid = {722559E1-380A-48AC-9BB7-56BD9A035C65}
	EndGlobalSection
EndGlobal
